
Microsoft Visual Studio Solution File, Format Version 12.00
# Visual Studio Version 17
VisualStudioVersion = 17.8.34408.163
MinimumVisualStudioVersion = 10.0.40219.1
Project("{9A19103F-16F7-4668-BE54-9A1E7A4F7556}") = "Parcial1_Ap1_VladimirGuzman", "Parcial1_Ap1_VladimirGuzman.csproj", "{E549E4A6-77FE-4DF4-9C7B-5F43A8A7DE06}"
EndProject
Global
	GlobalSection(SolutionConfigurationPlatforms) = preSolution
		Debug|Any CPU = Debug|Any CPU
		Release|Any CPU = Release|Any CPU
	EndGlobalSection
	GlobalSection(ProjectConfigurationPlatforms) = postSolution
		{E549E4A6-77FE-4DF4-9C7B-5F43A8A7DE06}.Debug|Any CPU.ActiveCfg = Debug|Any CPU
		{E549E4A6-77FE-4DF4-9C7B-5F43A8A7DE06}.Debug|Any CPU.Build.0 = Debug|Any CPU
		{E549E4A6-77FE-4DF4-9C7B-5F43A8A7DE06}.Release|Any CPU.ActiveCfg = Release|Any CPU
		{E549E4A6-77FE-4DF4-9C7B-5F43A8A7DE06}.Release|Any CPU.Build.0 = Release|Any CPU
	EndGlobalSection
	GlobalSection(SolutionProperties) = preSolution
		HideSolutionNode = FALSE
	EndGlobalSection
	GlobalSection(ExtensibilityGlobals) = postSolution
		SolutionGuid = {E813D644-CCB0-4753-9CF6-5760BB4E5D27}
	EndGlobalSection
EndGlobal
